
Microsoft Visual Studio Solution File, Format Version 12.00
# Visual Studio Version 16
VisualStudioVersion = 16.0.29424.173
MinimumVisualStudioVersion = 10.0.40219.1
Project("{FAE04EC0-301F-11D3-BF4B-00C04F79EFBC}") = "Rstring", "Rstring.csproj", "{E2914777-3869-4ADD-8959-00AB8B201AA6}"
EndProject
Project("{FAE04EC0-301F-11D3-BF4B-00C04F79EFBC}") = "RstringTest", "..\RstringTest\RstringTest.csproj", "{FB25ABFF-EF01-4D40-A4AB-85BF7337D878}"
EndProject
Global
	GlobalSection(SolutionConfigurationPlatforms) = preSolution
		Debug|Any CPU = Debug|Any CPU
		Release|Any CPU = Release|Any CPU
	EndGlobalSection
	GlobalSection(ProjectConfigurationPlatforms) = postSolution
		{E2914777-3869-4ADD-8959-00AB8B201AA6}.Debug|Any CPU.ActiveCfg = Release|Any CPU
		{E2914777-3869-4ADD-8959-00AB8B201AA6}.Debug|Any CPU.Build.0 = Release|Any CPU
		{E2914777-3869-4ADD-8959-00AB8B201AA6}.Release|Any CPU.ActiveCfg = Release|Any CPU
		{E2914777-3869-4ADD-8959-00AB8B201AA6}.Release|Any CPU.Build.0 = Release|Any CPU
		{FB25ABFF-EF01-4D40-A4AB-85BF7337D878}.Debug|Any CPU.ActiveCfg = Debug|Any CPU
		{FB25ABFF-EF01-4D40-A4AB-85BF7337D878}.Debug|Any CPU.Build.0 = Debug|Any CPU
		{FB25ABFF-EF01-4D40-A4AB-85BF7337D878}.Release|Any CPU.ActiveCfg = Release|Any CPU
		{FB25ABFF-EF01-4D40-A4AB-85BF7337D878}.Release|Any CPU.Build.0 = Release|Any CPU
	EndGlobalSection
	GlobalSection(SolutionProperties) = preSolution
		HideSolutionNode = FALSE
	EndGlobalSection
	GlobalSection(ExtensibilityGlobals) = postSolution
		SolutionGuid = {441AB14E-6E9C-4692-8614-FE23F1E5E6AE}
	EndGlobalSection
EndGlobal
